
Microsoft Visual Studio Solution File, Format Version 12.00
# Visual Studio Version 17
VisualStudioVersion = 17.1.32328.378
MinimumVisualStudioVersion = 10.0.40219.1
Project("{FAE04EC0-301F-11D3-BF4B-00C04F79EFBC}") = "WeatherConverter", "WeatherConverter\WeatherConverter.csproj", "{60F8B22C-26B8-43A7-BAE3-75C13BBC9BDD}"
EndProject
Global
	GlobalSection(SolutionConfigurationPlatforms) = preSolution
		Debug|Any CPU = Debug|Any CPU
		Release|Any CPU = Release|Any CPU
	EndGlobalSection
	GlobalSection(ProjectConfigurationPlatforms) = postSolution
		{60F8B22C-26B8-43A7-BAE3-75C13BBC9BDD}.Debug|Any CPU.ActiveCfg = Debug|Any CPU
		{60F8B22C-26B8-43A7-BAE3-75C13BBC9BDD}.Debug|Any CPU.Build.0 = Debug|Any CPU
		{60F8B22C-26B8-43A7-BAE3-75C13BBC9BDD}.Release|Any CPU.ActiveCfg = Release|Any CPU
		{60F8B22C-26B8-43A7-BAE3-75C13BBC9BDD}.Release|Any CPU.Build.0 = Release|Any CPU
	EndGlobalSection
	GlobalSection(SolutionProperties) = preSolution
		HideSolutionNode = FALSE
	EndGlobalSection
	GlobalSection(ExtensibilityGlobals) = postSolution
		SolutionGuid = {A58B4FFF-BF3F-497A-AB5B-E683577B670C}
	EndGlobalSection
EndGlobal
